// !$*UTF8*$!
{
	archiveVersion = 1;
	classes = {
	};
	objectVersion = 50;
	objects = {

/* Begin PBXBuildFile section */
		E0B7F9712464F48B00542102 /* AppDelegate.swift in Sources */ = {isa = PBXBuildFile; fileRef = E0B7F9702464F48B00542102 /* AppDelegate.swift */; };
		E0B7F9732464F48B00542102 /* SceneDelegate.swift in Sources */ = {isa = PBXBuildFile; fileRef = E0B7F9722464F48B00542102 /* SceneDelegate.swift */; };
		E0B7F9752464F48B00542102 /* ViewController.swift in Sources */ = {isa = PBXBuildFile; fileRef = E0B7F9742464F48B00542102 /* ViewController.swift */; };
		E0B7F9782464F48B00542102 /* Main.storyboard in Resources */ = {isa = PBXBuildFile; fileRef = E0B7F9762464F48B00542102 /* Main.storyboard */; };
		E0B7F97A2464F48C00542102 /* Assets.xcassets in Resources */ = {isa = PBXBuildFile; fileRef = E0B7F9792464F48C00542102 /* Assets.xcassets */; };
		E0B7F97D2464F48C00542102 /* LaunchScreen.storyboard in Resources */ = {isa = PBXBuildFile; fileRef = E0B7F97B2464F48C00542102 /* LaunchScreen.storyboard */; };
		E0B7F9882464F48C00542102 /* GraphicSETTests.swift in Sources */ = {isa = PBXBuildFile; fileRef = E0B7F9872464F48C00542102 /* GraphicSETTests.swift */; };
		E0B7F9932464F48C00542102 /* GraphicSETUITests.swift in Sources */ = {isa = PBXBuildFile; fileRef = E0B7F9922464F48C00542102 /* GraphicSETUITests.swift */; };
/* End PBXBuildFile section */

/* Begin PBXContainerItemProxy section */
		E0B7F9842464F48C00542102 /* PBXContainerItemProxy */ = {
			isa = PBXContainerItemProxy;
			containerPortal = E0B7F9652464F48B00542102 /* Project object */;
			proxyType = 1;
			remoteGlobalIDString = E0B7F96C2464F48B00542102;
			remoteInfo = GraphicSET;
		};
		E0B7F98F2464F48C00542102 /* PBXContainerItemProxy */ = {
			isa = PBXContainerItemProxy;
			containerPortal = E0B7F9652464F48B00542102 /* Project object */;
			proxyType = 1;
			remoteGlobalIDString = E0B7F96C2464F48B00542102;
			remoteInfo = GraphicSET;
		};
/* End PBXContainerItemProxy section */

/* Begin PBXFileReference section */
		E0B7F96D2464F48B00542102 /* GraphicSET.app */ = {isa = PBXFileReference; explicitFileType = wrapper.application; includeInIndex = 0; path = GraphicSET.app; sourceTree = BUILT_PRODUCTS_DIR; };
		E0B7F9702464F48B00542102 /* AppDelegate.swift */ = {isa = PBXFileReference; lastKnownFileType = sourcecode.swift; path = AppDelegate.swift; sourceTree = "<group>"; };
		E0B7F9722464F48B00542102 /* SceneDelegate.swift */ = {isa = PBXFileReference; lastKnownFileType = sourcecode.swift; path = SceneDelegate.swift; sourceTree = "<group>"; };
		E0B7F9742464F48B00542102 /* ViewController.swift */ = {isa = PBXFileReference; lastKnownFileType = sourcecode.swift; path = ViewController.swift; sourceTree = "<group>"; };
		E0B7F9772464F48B00542102 /* Base */ = {isa = PBXFileReference; lastKnownFileType = file.storyboard; name = Base; path = Base.lproj/Main.storyboard; sourceTree = "<group>"; };
		E0B7F9792464F48C00542102 /* Assets.xcassets */ = {isa = PBXFileReference; lastKnownFileType = folder.assetcatalog; path = Assets.xcassets; sourceTree = "<group>"; };
		E0B7F97C2464F48C00542102 /* Base */ = {isa = PBXFileReference; lastKnownFileType = file.storyboard; name = Base; path = Base.lproj/LaunchScreen.storyboard; sourceTree = "<group>"; };
		E0B7F97E2464F48C00542102 /* Info.plist */ = {isa = PBXFileReference; lastKnownFileType = text.plist.xml; path = Info.plist; sourceTree = "<group>"; };
		E0B7F9832464F48C00542102 /* GraphicSETTests.xctest */ = {isa = PBXFileReference; explicitFileType = wrapper.cfbundle; includeInIndex = 0; path = GraphicSETTests.xctest; sourceTree = BUILT_PRODUCTS_DIR; };
		E0B7F9872464F48C00542102 /* GraphicSETTests.swift */ = {isa = PBXFileReference; lastKnownFileType = sourcecode.swift; path = GraphicSETTests.swift; sourceTree = "<group>"; };
		E0B7F9892464F48C00542102 /* Info.plist */ = {isa = PBXFileReference; lastKnownFileType = text.plist.xml; path = Info.plist; sourceTree = "<group>"; };
		E0B7F98E2464F48C00542102 /* GraphicSETUITests.xctest */ = {isa = PBXFileReference; explicitFileType = wrapper.cfbundle; includeInIndex = 0; path = GraphicSETUITests.xctest; sourceTree = BUILT_PRODUCTS_DIR; };
		E0B7F9922464F48C00542102 /* GraphicSETUITests.swift */ = {isa = PBXFileReference; lastKnownFileType = sourcecode.swift; path = GraphicSETUITests.swift; sourceTree = "<group>"; };
		E0B7F9942464F48C00542102 /* Info.plist */ = {isa = PBXFileReference; lastKnownFileType = text.plist.xml; path = Info.plist; sourceTree = "<group>"; };
/* End PBXFileReference section */

/* Begin PBXFrameworksBuildPhase section */
		E0B7F96A2464F48B00542102 /* Frameworks */ = {
			isa = PBXFrameworksBuildPhase;
			buildActionMask = 2147483647;
			files = (
			);
			runOnlyForDeploymentPostprocessing = 0;
		};
		E0B7F9802464F48C00542102 /* Frameworks */ = {
			isa = PBXFrameworksBuildPhase;
			buildActionMask = 2147483647;
			files = (
			);
			runOnlyForDeploymentPostprocessing = 0;
		};
		E0B7F98B2464F48C00542102 /* Frameworks */ = {
			isa = PBXFrameworksBuildPhase;
			buildActionMask = 2147483647;
			files = (
			);
			runOnlyForDeploymentPostprocessing = 0;
		};
/* End PBXFrameworksBuildPhase section */

/* Begin PBXGroup section */
		E0B7F9642464F48B00542102 = {
			isa = PBXGroup;
			children = (
				E0B7F96F2464F48B00542102 /* GraphicSET */,
				E0B7F9862464F48C00542102 /* GraphicSETTests */,
				E0B7F9912464F48C00542102 /* GraphicSETUITests */,
				E0B7F96E2464F48B00542102 /* Products */,
			);
			sourceTree = "<group>";
		};
		E0B7F96E2464F48B00542102 /* Products */ = {
			isa = PBXGroup;
			children = (
				E0B7F96D2464F48B00542102 /* GraphicSET.app */,
				E0B7F9832464F48C00542102 /* GraphicSETTests.xctest */,
				E0B7F98E2464F48C00542102 /* GraphicSETUITests.xctest */,
			);
			name = Products;
			sourceTree = "<group>";
		};
		E0B7F96F2464F48B00542102 /* GraphicSET */ = {
			isa = PBXGroup;
			children = (
				E0B7F9702464F48B00542102 /* AppDelegate.swift */,
				E0B7F9722464F48B00542102 /* SceneDelegate.swift */,
				E0B7F9742464F48B00542102 /* ViewController.swift */,
				E0B7F9762464F48B00542102 /* Main.storyboard */,
				E0B7F9792464F48C00542102 /* Assets.xcassets */,
				E0B7F97B2464F48C00542102 /* LaunchScreen.storyboard */,
				E0B7F97E2464F48C00542102 /* Info.plist */,
			);
			path = GraphicSET;
			sourceTree = "<group>";
		};
		E0B7F9862464F48C00542102 /* GraphicSETTests */ = {
			isa = PBXGroup;
			children = (
				E0B7F9872464F48C00542102 /* GraphicSETTests.swift */,
				E0B7F9892464F48C00542102 /* Info.plist */,
			);
			path = GraphicSETTests;
			sourceTree = "<group>";
		};
		E0B7F9912464F48C00542102 /* GraphicSETUITests */ = {
			isa = PBXGroup;
			children = (
				E0B7F9922464F48C00542102 /* GraphicSETUITests.swift */,
				E0B7F9942464F48C00542102 /* Info.plist */,
			);
			path = GraphicSETUITests;
			sourceTree = "<group>";
		};
/* End PBXGroup section */

/* Begin PBXNativeTarget section */
		E0B7F96C2464F48B00542102 /* GraphicSET */ = {
			isa = PBXNativeTarget;
			buildConfigurationList = E0B7F9972464F48C00542102 /* Build configuration list for PBXNativeTarget "GraphicSET" */;
			buildPhases = (
				E0B7F9692464F48B00542102 /* Sources */,
				E0B7F96A2464F48B00542102 /* Frameworks */,
				E0B7F96B2464F48B00542102 /* Resources */,
			);
			buildRules = (
			);
			dependencies = (
			);
			name = GraphicSET;
			productName = GraphicSET;
			productReference = E0B7F96D2464F48B00542102 /* GraphicSET.app */;
			productType = "com.apple.product-type.application";
		};
		E0B7F9822464F48C00542102 /* GraphicSETTests */ = {
			isa = PBXNativeTarget;
			buildConfigurationList = E0B7F99A2464F48C00542102 /* Build configuration list for PBXNativeTarget "GraphicSETTests" */;
			buildPhases = (
				E0B7F97F2464F48C00542102 /* Sources */,
				E0B7F9802464F48C00542102 /* Frameworks */,
				E0B7F9812464F48C00542102 /* Resources */,
			);
			buildRules = (
			);
			dependencies = (
				E0B7F9852464F48C00542102 /* PBXTargetDependency */,
			);
			name = GraphicSETTests;
			productName = GraphicSETTests;
			productReference = E0B7F9832464F48C00542102 /* GraphicSETTests.xctest */;
			productType = "com.apple.product-type.bundle.unit-test";
		};
		E0B7F98D2464F48C00542102 /* GraphicSETUITests */ = {
			isa = PBXNativeTarget;
			buildConfigurationList = E0B7F99D2464F48C00542102 /* Build configuration list for PBXNativeTarget "GraphicSETUITests" */;
			buildPhases = (
				E0B7F98A2464F48C00542102 /* Sources */,
				E0B7F98B2464F48C00542102 /* Frameworks */,
				E0B7F98C2464F48C00542102 /* Resources */,
			);
			buildRules = (
			);
			dependencies = (
				E0B7F9902464F48C00542102 /* PBXTargetDependency */,
			);
			name = GraphicSETUITests;
			productName = GraphicSETUITests;
			productReference = E0B7F98E2464F48C00542102 /* GraphicSETUITests.xctest */;
			productType = "com.apple.product-type.bundle.ui-testing";
		};
/* End PBXNativeTarget section */

/* Begin PBXProject section */
		E0B7F9652464F48B00542102 /* Project object */ = {
			isa = PBXProject;
			attributes = {
				LastSwiftUpdateCheck = 1140;
				LastUpgradeCheck = 1140;
				ORGANIZATIONNAME = "J Thomas Provost";
				TargetAttributes = {
					E0B7F96C2464F48B00542102 = {
						CreatedOnToolsVersion = 11.4.1;
					};
					E0B7F9822464F48C00542102 = {
						CreatedOnToolsVersion = 11.4.1;
						TestTargetID = E0B7F96C2464F48B00542102;
					};
					E0B7F98D2464F48C00542102 = {
						CreatedOnToolsVersion = 11.4.1;
						TestTargetID = E0B7F96C2464F48B00542102;
					};
				};
			};
			buildConfigurationList = E0B7F9682464F48B00542102 /* Build configuration list for PBXProject "GraphicSET" */;
			compatibilityVersion = "Xcode 9.3";
			developmentRegion = en;
			hasScannedForEncodings = 0;
			knownRegions = (
				en,
				Base,
			);
			mainGroup = E0B7F9642464F48B00542102;
			productRefGroup = E0B7F96E2464F48B00542102 /* Products */;
			projectDirPath = "";
			projectRoot = "";
			targets = (
				E0B7F96C2464F48B00542102 /* GraphicSET */,
				E0B7F9822464F48C00542102 /* GraphicSETTests */,
				E0B7F98D2464F48C00542102 /* GraphicSETUITests */,
			);
		};
/* End PBXProject section */

/* Begin PBXResourcesBuildPhase section */
		E0B7F96B2464F48B00542102 /* Resources */ = {
			isa = PBXResourcesBuildPhase;
			buildActionMask = 2147483647;
			files = (
				E0B7F97D2464F48C00542102 /* LaunchScreen.storyboard in Resources */,
				E0B7F97A2464F48C00542102 /* Assets.xcassets in Resources */,
				E0B7F9782464F48B00542102 /* Main.storyboard in Resources */,
			);
			runOnlyForDeploymentPostprocessing = 0;
		};
		E0B7F9812464F48C00542102 /* Resources */ = {
			isa = PBXResourcesBuildPhase;
			buildActionMask = 2147483647;
			files = (
			);
			runOnlyForDeploymentPostprocessing = 0;
		};
		E0B7F98C2464F48C00542102 /* Resources */ = {
			isa = PBXResourcesBuildPhase;
			buildActionMask = 2147483647;
			files = (
			);
			runOnlyForDeploymentPostprocessing = 0;
		};
/* End PBXResourcesBuildPhase section */

/* Begin PBXSourcesBuildPhase section */
		E0B7F9692464F48B00542102 /* Sources */ = {
			isa = PBXSourcesBuildPhase;
			buildActionMask = 2147483647;
			files = (
				E0B7F9752464F48B00542102 /* ViewController.swift in Sources */,
				E0B7F9712464F48B00542102 /* AppDelegate.swift in Sources */,
				E0B7F9732464F48B00542102 /* SceneDelegate.swift in Sources */,
			);
			runOnlyForDeploymentPostprocessing = 0;
		};
		E0B7F97F2464F48C00542102 /* Sources */ = {
			isa = PBXSourcesBuildPhase;
			buildActionMask = 2147483647;
			files = (
				E0B7F9882464F48C00542102 /* GraphicSETTests.swift in Sources */,
			);
			runOnlyForDeploymentPostprocessing = 0;
		};
		E0B7F98A2464F48C00542102 /* Sources */ = {
			isa = PBXSourcesBuildPhase;
			buildActionMask = 2147483647;
			files = (
				E0B7F9932464F48C00542102 /* GraphicSETUITests.swift in Sources */,
			);
			runOnlyForDeploymentPostprocessing = 0;
		};
/* End PBXSourcesBuildPhase section */

/* Begin PBXTargetDependency section */
		E0B7F9852464F48C00542102 /* PBXTargetDependency */ = {
			isa = PBXTargetDependency;
			target = E0B7F96C2464F48B00542102 /* GraphicSET */;
			targetProxy = E0B7F9842464F48C00542102 /* PBXContainerItemProxy */;
		};
		E0B7F9902464F48C00542102 /* PBXTargetDependency */ = {
			isa = PBXTargetDependency;
			target = E0B7F96C2464F48B00542102 /* GraphicSET */;
			targetProxy = E0B7F98F2464F48C00542102 /* PBXContainerItemProxy */;
		};
/* End PBXTargetDependency section */

/* Begin PBXVariantGroup section */
		E0B7F9762464F48B00542102 /* Main.storyboard */ = {
			isa = PBXVariantGroup;
			children = (
				E0B7F9772464F48B00542102 /* Base */,
			);
			name = Main.storyboard;
			sourceTree = "<group>";
		};
		E0B7F97B2464F48C00542102 /* LaunchScreen.storyboard */ = {
			isa = PBXVariantGroup;
			children = (
				E0B7F97C2464F48C00542102 /* Base */,
			);
			name = LaunchScreen.storyboard;
			sourceTree = "<group>";
		};
/* End PBXVariantGroup section */

/* Begin XCBuildConfiguration section */
		E0B7F9952464F48C00542102 /* Debug */ = {
			isa = XCBuildConfiguration;
			buildSettings = {
				ALWAYS_SEARCH_USER_PATHS = NO;
				CLANG_ANALYZER_NONNULL = YES;
				CLANG_ANALYZER_NUMBER_OBJECT_CONVERSION = YES_AGGRESSIVE;
				CLANG_CXX_LANGUAGE_STANDARD = "gnu++14";
				CLANG_CXX_LIBRARY = "libc++";
				CLANG_ENABLE_MODULES = YES;
				CLANG_ENABLE_OBJC_ARC = YES;
				CLANG_ENABLE_OBJC_WEAK = YES;
				CLANG_WARN_BLOCK_CAPTURE_AUTORELEASING = YES;
				CLANG_WARN_BOOL_CONVERSION = YES;
				CLANG_WARN_COMMA = YES;
				CLANG_WARN_CONSTANT_CONVERSION = YES;
				CLANG_WARN_DEPRECATED_OBJC_IMPLEMENTATIONS = YES;
				CLANG_WARN_DIRECT_OBJC_ISA_USAGE = YES_ERROR;
				CLANG_WARN_DOCUMENTATION_COMMENTS = YES;
				CLANG_WARN_EMPTY_BODY = YES;
				CLANG_WARN_ENUM_CONVERSION = YES;
				CLANG_WARN_INFINITE_RECURSION = YES;
				CLANG_WARN_INT_CONVERSION = YES;
				CLANG_WARN_NON_LITERAL_NULL_CONVERSION = YES;
				CLANG_WARN_OBJC_IMPLICIT_RETAIN_SELF = YES;
				CLANG_WARN_OBJC_LITERAL_CONVERSION = YES;
				CLANG_WARN_OBJC_ROOT_CLASS = YES_ERROR;
				CLANG_WARN_RANGE_LOOP_ANALYSIS = YES;
				CLANG_WARN_STRICT_PROTOTYPES = YES;
				CLANG_WARN_SUSPICIOUS_MOVE = YES;
				CLANG_WARN_UNGUARDED_AVAILABILITY = YES_AGGRESSIVE;
				CLANG_WARN_UNREACHABLE_CODE = YES;
				CLANG_WARN__DUPLICATE_METHOD_MATCH = YES;
				COPY_PHASE_STRIP = NO;
				DEBUG_INFORMATION_FORMAT = dwarf;
				ENABLE_STRICT_OBJC_MSGSEND = YES;
				ENABLE_TESTABILITY = YES;
				GCC_C_LANGUAGE_STANDARD = gnu11;
				GCC_DYNAMIC_NO_PIC = NO;
				GCC_NO_COMMON_BLOCKS = YES;
				GCC_OPTIMIZATION_LEVEL = 0;
				GCC_PREPROCESSOR_DEFINITIONS = (
					"DEBUG=1",
					"$(inherited)",
				);
				GCC_WARN_64_TO_32_BIT_CONVERSION = YES;
				GCC_WARN_ABOUT_RETURN_TYPE = YES_ERROR;
				GCC_WARN_UNDECLARED_SELECTOR = YES;
				GCC_WARN_UNINITIALIZED_AUTOS = YES_AGGRESSIVE;
				GCC_WARN_UNUSED_FUNCTION = YES;
				GCC_WARN_UNUSED_VARIABLE = YES;
				IPHONEOS_DEPLOYMENT_TARGET = 13.4;
				MTL_ENABLE_DEBUG_INFO = INCLUDE_SOURCE;
				MTL_FAST_MATH = YES;
				ONLY_ACTIVE_ARCH = YES;
				SDKROOT = iphoneos;
				SWIFT_ACTIVE_COMPILATION_CONDITIONS = DEBUG;
				SWIFT_OPTIMIZATION_LEVEL = "-Onone";
			};
			name = Debug;
		};
		E0B7F9962464F48C00542102 /* Release */ = {
			isa = XCBuildConfiguration;
			buildSettings = {
				ALWAYS_SEARCH_USER_PATHS = NO;
				CLANG_ANALYZER_NONNULL = YES;
				CLANG_ANALYZER_NUMBER_OBJECT_CONVERSION = YES_AGGRESSIVE;
				CLANG_CXX_LANGUAGE_STANDARD = "gnu++14";
				CLANG_CXX_LIBRARY = "libc++";
				CLANG_ENABLE_MODULES = YES;
				CLANG_ENABLE_OBJC_ARC = YES;
				CLANG_ENABLE_OBJC_WEAK = YES;
				CLANG_WARN_BLOCK_CAPTURE_AUTORELEASING = YES;
				CLANG_WARN_BOOL_CONVERSION = YES;
				CLANG_WARN_COMMA = YES;
				CLANG_WARN_CONSTANT_CONVERSION = YES;
				CLANG_WARN_DEPRECATED_OBJC_IMPLEMENTATIONS = YES;
				CLANG_WARN_DIRECT_OBJC_ISA_USAGE = YES_ERROR;
				CLANG_WARN_DOCUMENTATION_COMMENTS = YES;
				CLANG_WARN_EMPTY_BODY = YES;
				CLANG_WARN_ENUM_CONVERSION = YES;
				CLANG_WARN_INFINITE_RECURSION = YES;
				CLANG_WARN_INT_CONVERSION = YES;
				CLANG_WARN_NON_LITERAL_NULL_CONVERSION = YES;
				CLANG_WARN_OBJC_IMPLICIT_RETAIN_SELF = YES;
				CLANG_WARN_OBJC_LITERAL_CONVERSION = YES;
				CLANG_WARN_OBJC_ROOT_CLASS = YES_ERROR;
				CLANG_WARN_RANGE_LOOP_ANALYSIS = YES;
				CLANG_WARN_STRICT_PROTOTYPES = YES;
				CLANG_WARN_SUSPICIOUS_MOVE = YES;
				CLANG_WARN_UNGUARDED_AVAILABILITY = YES_AGGRESSIVE;
				CLANG_WARN_UNREACHABLE_CODE = YES;
				CLANG_WARN__DUPLICATE_METHOD_MATCH = YES;
				COPY_PHASE_STRIP = NO;
				DEBUG_INFORMATION_FORMAT = "dwarf-with-dsym";
				ENABLE_NS_ASSERTIONS = NO;
				ENABLE_STRICT_OBJC_MSGSEND = YES;
				GCC_C_LANGUAGE_STANDARD = gnu11;
				GCC_NO_COMMON_BLOCKS = YES;
				GCC_WARN_64_TO_32_BIT_CONVERSION = YES;
				GCC_WARN_ABOUT_RETURN_TYPE = YES_ERROR;
				GCC_WARN_UNDECLARED_SELECTOR = YES;
				GCC_WARN_UNINITIALIZED_AUTOS = YES_AGGRESSIVE;
				GCC_WARN_UNUSED_FUNCTION = YES;
				GCC_WARN_UNUSED_VARIABLE = YES;
				IPHONEOS_DEPLOYMENT_TARGET = 13.4;
				MTL_ENABLE_DEBUG_INFO = NO;
				MTL_FAST_MATH = YES;
				SDKROOT = iphoneos;
				SWIFT_COMPILATION_MODE = wholemodule;
				SWIFT_OPTIMIZATION_LEVEL = "-O";
				VALIDATE_PRODUCT = YES;
			};
			name = Release;
		};
		E0B7F9982464F48C00542102 /* Debug */ = {
			isa = XCBuildConfiguration;
			buildSettings = {
				ASSETCATALOG_COMPILER_APPICON_NAME = AppIcon;
				CODE_SIGN_STYLE = Automatic;
				DEVELOPMENT_TEAM = DX8T9BBZBR;
				INFOPLIST_FILE = GraphicSET/Info.plist;
				LD_RUNPATH_SEARCH_PATHS = (
					"$(inherited)",
					"@executable_path/Frameworks",
				);
				PRODUCT_BUNDLE_IDENTIFIER = IAO.TX.GraphicSET;
				PRODUCT_NAME = "$(TARGET_NAME)";
				SWIFT_VERSION = 5.0;
				TARGETED_DEVICE_FAMILY = "1,2";
			};
			name = Debug;
		};
		E0B7F9992464F48C00542102 /* Release */ = {
			isa = XCBuildConfiguration;
			buildSettings = {
				ASSETCATALOG_COMPILER_APPICON_NAME = AppIcon;
				CODE_SIGN_STYLE = Automatic;
				DEVELOPMENT_TEAM = DX8T9BBZBR;
				INFOPLIST_FILE = GraphicSET/Info.plist;
				LD_RUNPATH_SEARCH_PATHS = (
					"$(inherited)",
					"@executable_path/Frameworks",
				);
				PRODUCT_BUNDLE_IDENTIFIER = IAO.TX.GraphicSET;
				PRODUCT_NAME = "$(TARGET_NAME)";
				SWIFT_VERSION = 5.0;
				TARGETED_DEVICE_FAMILY = "1,2";
			};
			name = Release;
		};
		E0B7F99B2464F48C00542102 /* Debug */ = {
			isa = XCBuildConfiguration;
			buildSettings = {
				ALWAYS_EMBED_SWIFT_STANDARD_LIBRARIES = YES;
				BUNDLE_LOADER = "$(TEST_HOST)";
				CODE_SIGN_STYLE = Automatic;
				DEVELOPMENT_TEAM = DX8T9BBZBR;
				INFOPLIST_FILE = GraphicSETTests/Info.plist;
				IPHONEOS_DEPLOYMENT_TARGET = 13.4;
				LD_RUNPATH_SEARCH_PATHS = (
					"$(inherited)",
					"@executable_path/Frameworks",
					"@loader_path/Frameworks",
				);
				PRODUCT_BUNDLE_IDENTIFIER = IAO.TX.GraphicSETTests;
				PRODUCT_NAME = "$(TARGET_NAME)";
				SWIFT_VERSION = 5.0;
				TARGETED_DEVICE_FAMILY = "1,2";
				TEST_HOST = "$(BUILT_PRODUCTS_DIR)/GraphicSET.app/GraphicSET";
			};
			name = Debug;
		};
		E0B7F99C2464F48C00542102 /* Release */ = {
			isa = XCBuildConfiguration;
			buildSettings = {
				ALWAYS_EMBED_SWIFT_STANDARD_LIBRARIES = YES;
				BUNDLE_LOADER = "$(TEST_HOST)";
				CODE_SIGN_STYLE = Automatic;
				DEVELOPMENT_TEAM = DX8T9BBZBR;
				INFOPLIST_FILE = GraphicSETTests/Info.plist;
				IPHONEOS_DEPLOYMENT_TARGET = 13.4;
				LD_RUNPATH_SEARCH_PATHS = (
					"$(inherited)",
					"@executable_path/Frameworks",
					"@loader_path/Frameworks",
				);
				PRODUCT_BUNDLE_IDENTIFIER = IAO.TX.GraphicSETTests;
				PRODUCT_NAME = "$(TARGET_NAME)";
				SWIFT_VERSION = 5.0;
				TARGETED_DEVICE_FAMILY = "1,2";
				TEST_HOST = "$(BUILT_PRODUCTS_DIR)/GraphicSET.app/GraphicSET";
			};
			name = Release;
		};
		E0B7F99E2464F48C00542102 /* Debug */ = {
			isa = XCBuildConfiguration;
			buildSettings = {
				ALWAYS_EMBED_SWIFT_STANDARD_LIBRARIES = YES;
				CODE_SIGN_STYLE = Automatic;
				DEVELOPMENT_TEAM = DX8T9BBZBR;
				INFOPLIST_FILE = GraphicSETUITests/Info.plist;
				LD_RUNPATH_SEARCH_PATHS = (
					"$(inherited)",
					"@executable_path/Frameworks",
					"@loader_path/Frameworks",
				);
				PRODUCT_BUNDLE_IDENTIFIER = IAO.TX.GraphicSETUITests;
				PRODUCT_NAME = "$(TARGET_NAME)";
				SWIFT_VERSION = 5.0;
				TARGETED_DEVICE_FAMILY = "1,2";
				TEST_TARGET_NAME = GraphicSET;
			};
			name = Debug;
		};
		E0B7F99F2464F48C00542102 /* Release */ = {
			isa = XCBuildConfiguration;
			buildSettings = {
				ALWAYS_EMBED_SWIFT_STANDARD_LIBRARIES = YES;
				CODE_SIGN_STYLE = Automatic;
				DEVELOPMENT_TEAM = DX8T9BBZBR;
				INFOPLIST_FILE = GraphicSETUITests/Info.plist;
				LD_RUNPATH_SEARCH_PATHS = (
					"$(inherited)",
					"@executable_path/Frameworks",
					"@loader_path/Frameworks",
				);
				PRODUCT_BUNDLE_IDENTIFIER = IAO.TX.GraphicSETUITests;
				PRODUCT_NAME = "$(TARGET_NAME)";
				SWIFT_VERSION = 5.0;
				TARGETED_DEVICE_FAMILY = "1,2";
				TEST_TARGET_NAME = GraphicSET;
			};
			name = Release;
		};
/* End XCBuildConfiguration section */

/* Begin XCConfigurationList section */
		E0B7F9682464F48B00542102 /* Build configuration list for PBXProject "GraphicSET" */ = {
			isa = XCConfigurationList;
			buildConfigurations = (
				E0B7F9952464F48C00542102 /* Debug */,
				E0B7F9962464F48C00542102 /* Release */,
			);
			defaultConfigurationIsVisible = 0;
			defaultConfigurationName = Release;
		};
		E0B7F9972464F48C00542102 /* Build configuration list for PBXNativeTarget "GraphicSET" */ = {
			isa = XCConfigurationList;
			buildConfigurations = (
				E0B7F9982464F48C00542102 /* Debug */,
				E0B7F9992464F48C00542102 /* Release */,
			);
			defaultConfigurationIsVisible = 0;
			defaultConfigurationName = Release;
		};
		E0B7F99A2464F48C00542102 /* Build configuration list for PBXNativeTarget "GraphicSETTests" */ = {
			isa = XCConfigurationList;
			buildConfigurations = (
				E0B7F99B2464F48C00542102 /* Debug */,
				E0B7F99C2464F48C00542102 /* Release */,
			);
			defaultConfigurationIsVisible = 0;
			defaultConfigurationName = Release;
		};
		E0B7F99D2464F48C00542102 /* Build configuration list for PBXNativeTarget "GraphicSETUITests" */ = {
			isa = XCConfigurationList;
			buildConfigurations = (
				E0B7F99E2464F48C00542102 /* Debug */,
				E0B7F99F2464F48C00542102 /* Release */,
			);
			defaultConfigurationIsVisible = 0;
			defaultConfigurationName = Release;
		};
/* End XCConfigurationList section */
	};
	rootObject = E0B7F9652464F48B00542102 /* Project object */;
}
